{
  "name": "possess-app",
  "lockfileVersion": 3,
  "requires": true,
  "packages": {
    "": {
      "name": "possess-app",
      "dependencies": {
        "stackedit-js": "latest"
      }
    },
    "node_modules/stackedit-js": {
      "version": "1.0.7",
      "resolved": "https://registry.npmjs.org/stackedit-js/-/stackedit-js-1.0.7.tgz",
      "integrity": "sha512-FG2MNncXlSEscwBa3Ih6Xl1zrbeJ8/vgbrbzwwLvkdgFIMCRZQzpFpqxSW2o/1AvxguhXrt2dml/Z/I1m5eoLg==",
      "license": "MIT",
      "engines": {
        "node": ">= 8.0.0",
        "npm": ">= 5.0.0"
      }
    }
  }
}
